{
  "name": "uitestmfx",
  "version": "1.0.1",
  "lockfileVersion": 1,
  "requires": true,
  "dependencies": {
    "coa": {
      "version": "0.3.9",
      "resolved": "https://registry.npmjs.org/coa/-/coa-0.3.9.tgz",
      "integrity": "sha512-8TgPAMVP++o+HkSdgygRKyaEcBXJSi3Q14/tlxkHcStzZB6PnNL87vFJQMKot8Jl1piXYdQv5LShNtWG6NQtBw==",
      "requires": {
        "q": "~0.8.10"
      }
    },
    "cssp": {
      "version": "1.0.6",
      "resolved": "https://registry.npmjs.org/cssp/-/cssp-1.0.6.tgz",
      "integrity": "sha512-zjZ55bgUEhHXS5xBEHDwQ2bZQz47ng2apX7JvWg82asEBvgJrQKpfneGa+53EdwafVvUAEGzCI8D5bKhEfZ+ow==",
      "requires": {
        "ometajs": "~ 3.1.x"
      }
    },
    "npm-css": {
      "version": "0.2.3",
      "resolved": "https://registry.npmjs.org/npm-css/-/npm-css-0.2.3.tgz",
      "integrity": "sha512-Lvs1aMILPt51oIOmSfnKvKsv+osxMRJ7NapQSipXxntY88QC6q6QMz09XEdjtRTfNymYC/3ZtDGxjpTLB6SVGA==",
      "requires": {
        "cssp": "1.0.6",
        "optimist": "0.3.5",
        "resolve": "0.5.1",
        "traverse": "0.6.6"
      }
    },
    "ometajs": {
      "version": "3.1.19",
      "resolved": "https://registry.npmjs.org/ometajs/-/ometajs-3.1.19.tgz",
      "integrity": "sha512-AdID59a2oa1SMZt7EBFJkE4fjFpYVC9Jz7Ot4iZDDHseAM9JOzkff8EeCg33EAViiyvnv6GqeXF78QFVkdGX5w==",
      "requires": {
        "coa": "0.3.x",
        "q": "0.8.x",
        "uglify-js": "1.3.x"
      }
    },
    "optimist": {
      "version": "0.3.5",
      "resolved": "https://registry.npmjs.org/optimist/-/optimist-0.3.5.tgz",
      "integrity": "sha512-yZCNofwlj5aaED9y/eZbIx4t+ZRy3eN4Muv/+hKvOWcuOOxIb1WqPgEilLr3/vrQ7adbxrA6v43fHNg9WevvpQ==",
      "requires": {
        "wordwrap": "~0.0.2"
      }
    },
    "q": {
      "version": "0.8.12",
      "resolved": "https://registry.npmjs.org/q/-/q-0.8.12.tgz",
      "integrity": "sha512-mvLmeFP7lwVSFzDhpVhkI9Jw3u9goGQ2IY9nbSNMA4OZyviFjs2XILKMesUz8nBz4deKS9eWibvEuBNlRxZHBg=="
    },
    "resolve": {
      "version": "0.5.1",
      "resolved": "https://registry.npmjs.org/resolve/-/resolve-0.5.1.tgz",
      "integrity": "sha512-PgoPtxVz3j45jqtNbMbxcBG+5FhjLLa425zzNBf50//c4XJDx/FC0fbAWJiVPsXOV/MLhbQslSYuEv6RFf7p3A=="
    },
    "traverse": {
      "version": "0.6.6",
      "resolved": "https://registry.npmjs.org/traverse/-/traverse-0.6.6.tgz",
      "integrity": "sha512-kdf4JKs8lbARxWdp7RKdNzoJBhGUcIalSYibuGyHJbmk40pOysQ0+QPvlkCOICOivDWU2IJo2rkrxyTK2AH4fw=="
    },
    "uglify-js": {
      "version": "1.3.5",
      "resolved": "https://registry.npmjs.org/uglify-js/-/uglify-js-1.3.5.tgz",
      "integrity": "sha512-YPX1DjKtom8l9XslmPFQnqWzTBkvI4N0pbkzLuPZZ4QTyig0uQqvZz9NgUdfEV+qccJzi7fVcGWdESvRIjWptQ=="
    },
    "wordwrap": {
      "version": "0.0.3",
      "resolved": "https://registry.npmjs.org/wordwrap/-/wordwrap-0.0.3.tgz",
      "integrity": "sha512-1tMA907+V4QmxV7dbRvb4/8MaRALK6q9Abid3ndMYnbyo8piisCmeONVqVSXqQA3KaP4SLt5b7ud6E2sqP8TFw=="
    }
  }
}
